
Microsoft Visual Studio Solution File, Format Version 12.00
# Visual Studio Version 16
VisualStudioVersion = 16.0.29905.134
MinimumVisualStudioVersion = 10.0.40219.1
Project("{FAE04EC0-301F-11D3-BF4B-00C04F79EFBC}") = "LeetCodeSolution_TwoSum", "LeetCodeSolution_TwoSum\LeetCodeSolution_TwoSum.csproj", "{54495B6C-67E4-48FA-BA74-8209CBEA5216}"
EndProject
Global
	GlobalSection(SolutionConfigurationPlatforms) = preSolution
		Debug|Any CPU = Debug|Any CPU
		Release|Any CPU = Release|Any CPU
	EndGlobalSection
	GlobalSection(ProjectConfigurationPlatforms) = postSolution
		{54495B6C-67E4-48FA-BA74-8209CBEA5216}.Debug|Any CPU.ActiveCfg = Debug|Any CPU
		{54495B6C-67E4-48FA-BA74-8209CBEA5216}.Debug|Any CPU.Build.0 = Debug|Any CPU
		{54495B6C-67E4-48FA-BA74-8209CBEA5216}.Release|Any CPU.ActiveCfg = Release|Any CPU
		{54495B6C-67E4-48FA-BA74-8209CBEA5216}.Release|Any CPU.Build.0 = Release|Any CPU
	EndGlobalSection
	GlobalSection(SolutionProperties) = preSolution
		HideSolutionNode = FALSE
	EndGlobalSection
	GlobalSection(ExtensibilityGlobals) = postSolution
		SolutionGuid = {59D79DED-BB8F-4ED0-8B1D-FF1EEBD2AAF7}
	EndGlobalSection
EndGlobal
